// !$*UTF8*$!
{
	archiveVersion = 1;
	classes = {
	};
	objectVersion = 50;
	objects = {

/* Begin PBXBuildFile section */
		DDFA53BE22B40701004E5D68 /* ThemeManager.h in Headers */ = {isa = PBXBuildFile; fileRef = DDFA53BC22B40701004E5D68 /* ThemeManager.h */; settings = {ATTRIBUTES = (Public, ); }; };
		DDFA53C522B40715004E5D68 /* ThemeManager.swift in Sources */ = {isa = PBXBuildFile; fileRef = DDFA53C422B40715004E5D68 /* ThemeManager.swift */; };
		DDFA53CD22B407B9004E5D68 /* AppDelegate.swift in Sources */ = {isa = PBXBuildFile; fileRef = DDFA53CC22B407B9004E5D68 /* AppDelegate.swift */; };
		DDFA53CF22B407B9004E5D68 /* ViewController.swift in Sources */ = {isa = PBXBuildFile; fileRef = DDFA53CE22B407B9004E5D68 /* ViewController.swift */; };
		DDFA53D222B407B9004E5D68 /* Main.storyboard in Resources */ = {isa = PBXBuildFile; fileRef = DDFA53D022B407B9004E5D68 /* Main.storyboard */; };
		DDFA53D422B407BA004E5D68 /* Assets.xcassets in Resources */ = {isa = PBXBuildFile; fileRef = DDFA53D322B407BA004E5D68 /* Assets.xcassets */; };
		DDFA53D722B407BA004E5D68 /* LaunchScreen.storyboard in Resources */ = {isa = PBXBuildFile; fileRef = DDFA53D522B407BA004E5D68 /* LaunchScreen.storyboard */; };
		DDFA53DD22B407DC004E5D68 /* MyTheme.swift in Sources */ = {isa = PBXBuildFile; fileRef = DDFA53DC22B407DC004E5D68 /* MyTheme.swift */; };
		DDFA53E322B41C6F004E5D68 /* ThemeManager.framework in Frameworks */ = {isa = PBXBuildFile; fileRef = DDFA53B922B40701004E5D68 /* ThemeManager.framework */; };
		DDFA53E422B41C6F004E5D68 /* ThemeManager.framework in Embed Frameworks */ = {isa = PBXBuildFile; fileRef = DDFA53B922B40701004E5D68 /* ThemeManager.framework */; settings = {ATTRIBUTES = (CodeSignOnCopy, RemoveHeadersOnCopy, ); }; };
/* End PBXBuildFile section */

/* Begin PBXContainerItemProxy section */
		DDFA53E522B41C6F004E5D68 /* PBXContainerItemProxy */ = {
			isa = PBXContainerItemProxy;
			containerPortal = DDFA53B022B40701004E5D68 /* Project object */;
			proxyType = 1;
			remoteGlobalIDString = DDFA53B822B40701004E5D68;
			remoteInfo = ThemeManager;
		};
/* End PBXContainerItemProxy section */

/* Begin PBXCopyFilesBuildPhase section */
		DDFA53E722B41C6F004E5D68 /* Embed Frameworks */ = {
			isa = PBXCopyFilesBuildPhase;
			buildActionMask = 2147483647;
			dstPath = "";
			dstSubfolderSpec = 10;
			files = (
				DDFA53E422B41C6F004E5D68 /* ThemeManager.framework in Embed Frameworks */,
			);
			name = "Embed Frameworks";
			runOnlyForDeploymentPostprocessing = 0;
		};
/* End PBXCopyFilesBuildPhase section */

/* Begin PBXFileReference section */
		DDC39BB622B6187C00549982 /* Package.swift */ = {isa = PBXFileReference; lastKnownFileType = sourcecode.swift; path = Package.swift; sourceTree = "<group>"; };
		DDFA53B922B40701004E5D68 /* ThemeManager.framework */ = {isa = PBXFileReference; explicitFileType = wrapper.framework; includeInIndex = 0; path = ThemeManager.framework; sourceTree = BUILT_PRODUCTS_DIR; };
		DDFA53BC22B40701004E5D68 /* ThemeManager.h */ = {isa = PBXFileReference; lastKnownFileType = sourcecode.c.h; path = ThemeManager.h; sourceTree = "<group>"; };
		DDFA53BD22B40701004E5D68 /* Info.plist */ = {isa = PBXFileReference; lastKnownFileType = text.plist.xml; path = Info.plist; sourceTree = "<group>"; };
		DDFA53C422B40715004E5D68 /* ThemeManager.swift */ = {isa = PBXFileReference; lastKnownFileType = sourcecode.swift; path = ThemeManager.swift; sourceTree = "<group>"; };
		DDFA53CA22B407B9004E5D68 /* ThemeManager Example.app */ = {isa = PBXFileReference; explicitFileType = wrapper.application; includeInIndex = 0; path = "ThemeManager Example.app"; sourceTree = BUILT_PRODUCTS_DIR; };
		DDFA53CC22B407B9004E5D68 /* AppDelegate.swift */ = {isa = PBXFileReference; lastKnownFileType = sourcecode.swift; path = AppDelegate.swift; sourceTree = "<group>"; };
		DDFA53CE22B407B9004E5D68 /* ViewController.swift */ = {isa = PBXFileReference; lastKnownFileType = sourcecode.swift; path = ViewController.swift; sourceTree = "<group>"; };
		DDFA53D122B407B9004E5D68 /* Base */ = {isa = PBXFileReference; lastKnownFileType = file.storyboard; name = Base; path = Base.lproj/Main.storyboard; sourceTree = "<group>"; };
		DDFA53D322B407BA004E5D68 /* Assets.xcassets */ = {isa = PBXFileReference; lastKnownFileType = folder.assetcatalog; path = Assets.xcassets; sourceTree = "<group>"; };
		DDFA53D622B407BA004E5D68 /* Base */ = {isa = PBXFileReference; lastKnownFileType = file.storyboard; name = Base; path = Base.lproj/LaunchScreen.storyboard; sourceTree = "<group>"; };
		DDFA53D822B407BA004E5D68 /* Info.plist */ = {isa = PBXFileReference; lastKnownFileType = text.plist.xml; path = Info.plist; sourceTree = "<group>"; };
		DDFA53DC22B407DC004E5D68 /* MyTheme.swift */ = {isa = PBXFileReference; lastKnownFileType = sourcecode.swift; path = MyTheme.swift; sourceTree = "<group>"; };
/* End PBXFileReference section */

/* Begin PBXFrameworksBuildPhase section */
		DDFA53B622B40701004E5D68 /* Frameworks */ = {
			isa = PBXFrameworksBuildPhase;
			buildActionMask = 2147483647;
			files = (
			);
			runOnlyForDeploymentPostprocessing = 0;
		};
		DDFA53C722B407B9004E5D68 /* Frameworks */ = {
			isa = PBXFrameworksBuildPhase;
			buildActionMask = 2147483647;
			files = (
				DDFA53E322B41C6F004E5D68 /* ThemeManager.framework in Frameworks */,
			);
			runOnlyForDeploymentPostprocessing = 0;
		};
/* End PBXFrameworksBuildPhase section */

/* Begin PBXGroup section */
		DDC39BB222B6183300549982 /* Sources */ = {
			isa = PBXGroup;
			children = (
				DDFA53BB22B40701004E5D68 /* ThemeManager */,
			);
			path = Sources;
			sourceTree = "<group>";
		};
		DDFA53AF22B40701004E5D68 = {
			isa = PBXGroup;
			children = (
				DDC39BB622B6187C00549982 /* Package.swift */,
				DDC39BB222B6183300549982 /* Sources */,
				DDFA53CB22B407B9004E5D68 /* ThemeManager Example */,
				DDFA53BA22B40701004E5D68 /* Products */,
			);
			sourceTree = "<group>";
		};
		DDFA53BA22B40701004E5D68 /* Products */ = {
			isa = PBXGroup;
			children = (
				DDFA53B922B40701004E5D68 /* ThemeManager.framework */,
				DDFA53CA22B407B9004E5D68 /* ThemeManager Example.app */,
			);
			name = Products;
			sourceTree = "<group>";
		};
		DDFA53BB22B40701004E5D68 /* ThemeManager */ = {
			isa = PBXGroup;
			children = (
				DDFA53BC22B40701004E5D68 /* ThemeManager.h */,
				DDFA53BD22B40701004E5D68 /* Info.plist */,
				DDFA53C422B40715004E5D68 /* ThemeManager.swift */,
			);
			path = ThemeManager;
			sourceTree = "<group>";
		};
		DDFA53CB22B407B9004E5D68 /* ThemeManager Example */ = {
			isa = PBXGroup;
			children = (
				DDFA53CC22B407B9004E5D68 /* AppDelegate.swift */,
				DDFA53CE22B407B9004E5D68 /* ViewController.swift */,
				DDFA53D022B407B9004E5D68 /* Main.storyboard */,
				DDFA53D322B407BA004E5D68 /* Assets.xcassets */,
				DDFA53D522B407BA004E5D68 /* LaunchScreen.storyboard */,
				DDFA53D822B407BA004E5D68 /* Info.plist */,
				DDFA53DC22B407DC004E5D68 /* MyTheme.swift */,
			);
			path = "ThemeManager Example";
			sourceTree = "<group>";
		};
/* End PBXGroup section */

/* Begin PBXHeadersBuildPhase section */
		DDFA53B422B40701004E5D68 /* Headers */ = {
			isa = PBXHeadersBuildPhase;
			buildActionMask = 2147483647;
			files = (
				DDFA53BE22B40701004E5D68 /* ThemeManager.h in Headers */,
			);
			runOnlyForDeploymentPostprocessing = 0;
		};
/* End PBXHeadersBuildPhase section */

/* Begin PBXNativeTarget section */
		DDFA53B822B40701004E5D68 /* ThemeManager */ = {
			isa = PBXNativeTarget;
			buildConfigurationList = DDFA53C122B40701004E5D68 /* Build configuration list for PBXNativeTarget "ThemeManager" */;
			buildPhases = (
				DDFA53B422B40701004E5D68 /* Headers */,
				DDFA53B522B40701004E5D68 /* Sources */,
				DDFA53B622B40701004E5D68 /* Frameworks */,
				DDFA53B722B40701004E5D68 /* Resources */,
			);
			buildRules = (
			);
			dependencies = (
			);
			name = ThemeManager;
			productName = ThemeManager;
			productReference = DDFA53B922B40701004E5D68 /* ThemeManager.framework */;
			productType = "com.apple.product-type.framework";
		};
		DDFA53C922B407B9004E5D68 /* ThemeManager Example */ = {
			isa = PBXNativeTarget;
			buildConfigurationList = DDFA53D922B407BA004E5D68 /* Build configuration list for PBXNativeTarget "ThemeManager Example" */;
			buildPhases = (
				DDFA53C622B407B9004E5D68 /* Sources */,
				DDFA53C722B407B9004E5D68 /* Frameworks */,
				DDFA53C822B407B9004E5D68 /* Resources */,
				DDFA53E722B41C6F004E5D68 /* Embed Frameworks */,
			);
			buildRules = (
			);
			dependencies = (
				DDFA53E622B41C6F004E5D68 /* PBXTargetDependency */,
			);
			name = "ThemeManager Example";
			productName = "ThemeManager Example";
			productReference = DDFA53CA22B407B9004E5D68 /* ThemeManager Example.app */;
			productType = "com.apple.product-type.application";
		};
/* End PBXNativeTarget section */

/* Begin PBXProject section */
		DDFA53B022B40701004E5D68 /* Project object */ = {
			isa = PBXProject;
			attributes = {
				LastSwiftUpdateCheck = 1020;
				LastUpgradeCheck = 1020;
				ORGANIZATIONNAME = "王要正";
				TargetAttributes = {
					DDFA53B822B40701004E5D68 = {
						CreatedOnToolsVersion = 10.2.1;
						LastSwiftMigration = 1020;
					};
					DDFA53C922B407B9004E5D68 = {
						CreatedOnToolsVersion = 10.2.1;
					};
				};
			};
			buildConfigurationList = DDFA53B322B40701004E5D68 /* Build configuration list for PBXProject "ThemeManager" */;
			compatibilityVersion = "Xcode 9.3";
			developmentRegion = en;
			hasScannedForEncodings = 0;
			knownRegions = (
				en,
				Base,
			);
			mainGroup = DDFA53AF22B40701004E5D68;
			productRefGroup = DDFA53BA22B40701004E5D68 /* Products */;
			projectDirPath = "";
			projectRoot = "";
			targets = (
				DDFA53B822B40701004E5D68 /* ThemeManager */,
				DDFA53C922B407B9004E5D68 /* ThemeManager Example */,
			);
		};
/* End PBXProject section */

/* Begin PBXResourcesBuildPhase section */
		DDFA53B722B40701004E5D68 /* Resources */ = {
			isa = PBXResourcesBuildPhase;
			buildActionMask = 2147483647;
			files = (
			);
			runOnlyForDeploymentPostprocessing = 0;
		};
		DDFA53C822B407B9004E5D68 /* Resources */ = {
			isa = PBXResourcesBuildPhase;
			buildActionMask = 2147483647;
			files = (
				DDFA53D722B407BA004E5D68 /* LaunchScreen.storyboard in Resources */,
				DDFA53D422B407BA004E5D68 /* Assets.xcassets in Resources */,
				DDFA53D222B407B9004E5D68 /* Main.storyboard in Resources */,
			);
			runOnlyForDeploymentPostprocessing = 0;
		};
/* End PBXResourcesBuildPhase section */

/* Begin PBXSourcesBuildPhase section */
		DDFA53B522B40701004E5D68 /* Sources */ = {
			isa = PBXSourcesBuildPhase;
			buildActionMask = 2147483647;
			files = (
				DDFA53C522B40715004E5D68 /* ThemeManager.swift in Sources */,
			);
			runOnlyForDeploymentPostprocessing = 0;
		};
		DDFA53C622B407B9004E5D68 /* Sources */ = {
			isa = PBXSourcesBuildPhase;
			buildActionMask = 2147483647;
			files = (
				DDFA53DD22B407DC004E5D68 /* MyTheme.swift in Sources */,
				DDFA53CF22B407B9004E5D68 /* ViewController.swift in Sources */,
				DDFA53CD22B407B9004E5D68 /* AppDelegate.swift in Sources */,
			);
			runOnlyForDeploymentPostprocessing = 0;
		};
/* End PBXSourcesBuildPhase section */

/* Begin PBXTargetDependency section */
		DDFA53E622B41C6F004E5D68 /* PBXTargetDependency */ = {
			isa = PBXTargetDependency;
			target = DDFA53B822B40701004E5D68 /* ThemeManager */;
			targetProxy = DDFA53E522B41C6F004E5D68 /* PBXContainerItemProxy */;
		};
/* End PBXTargetDependency section */

/* Begin PBXVariantGroup section */
		DDFA53D022B407B9004E5D68 /* Main.storyboard */ = {
			isa = PBXVariantGroup;
			children = (
				DDFA53D122B407B9004E5D68 /* Base */,
			);
			name = Main.storyboard;
			sourceTree = "<group>";
		};
		DDFA53D522B407BA004E5D68 /* LaunchScreen.storyboard */ = {
			isa = PBXVariantGroup;
			children = (
				DDFA53D622B407BA004E5D68 /* Base */,
			);
			name = LaunchScreen.storyboard;
			sourceTree = "<group>";
		};
/* End PBXVariantGroup section */

/* Begin XCBuildConfiguration section */
		DDFA53BF22B40701004E5D68 /* Debug */ = {
			isa = XCBuildConfiguration;
			buildSettings = {
				ALWAYS_SEARCH_USER_PATHS = NO;
				CLANG_ANALYZER_NONNULL = YES;
				CLANG_ANALYZER_NUMBER_OBJECT_CONVERSION = YES_AGGRESSIVE;
				CLANG_CXX_LANGUAGE_STANDARD = "gnu++14";
				CLANG_CXX_LIBRARY = "libc++";
				CLANG_ENABLE_MODULES = YES;
				CLANG_ENABLE_OBJC_ARC = YES;
				CLANG_ENABLE_OBJC_WEAK = YES;
				CLANG_WARN_BLOCK_CAPTURE_AUTORELEASING = YES;
				CLANG_WARN_BOOL_CONVERSION = YES;
				CLANG_WARN_COMMA = YES;
				CLANG_WARN_CONSTANT_CONVERSION = YES;
				CLANG_WARN_DEPRECATED_OBJC_IMPLEMENTATIONS = YES;
				CLANG_WARN_DIRECT_OBJC_ISA_USAGE = YES_ERROR;
				CLANG_WARN_DOCUMENTATION_COMMENTS = YES;
				CLANG_WARN_EMPTY_BODY = YES;
				CLANG_WARN_ENUM_CONVERSION = YES;
				CLANG_WARN_INFINITE_RECURSION = YES;
				CLANG_WARN_INT_CONVERSION = YES;
				CLANG_WARN_NON_LITERAL_NULL_CONVERSION = YES;
				CLANG_WARN_OBJC_IMPLICIT_RETAIN_SELF = YES;
				CLANG_WARN_OBJC_LITERAL_CONVERSION = YES;
				CLANG_WARN_OBJC_ROOT_CLASS = YES_ERROR;
				CLANG_WARN_RANGE_LOOP_ANALYSIS = YES;
				CLANG_WARN_STRICT_PROTOTYPES = YES;
				CLANG_WARN_SUSPICIOUS_MOVE = YES;
				CLANG_WARN_UNGUARDED_AVAILABILITY = YES_AGGRESSIVE;
				CLANG_WARN_UNREACHABLE_CODE = YES;
				CLANG_WARN__DUPLICATE_METHOD_MATCH = YES;
				CODE_SIGN_IDENTITY = "iPhone Developer";
				COPY_PHASE_STRIP = NO;
				CURRENT_PROJECT_VERSION = 1;
				DEBUG_INFORMATION_FORMAT = dwarf;
				ENABLE_STRICT_OBJC_MSGSEND = YES;
				ENABLE_TESTABILITY = YES;
				GCC_C_LANGUAGE_STANDARD = gnu11;
				GCC_DYNAMIC_NO_PIC = NO;
				GCC_NO_COMMON_BLOCKS = YES;
				GCC_OPTIMIZATION_LEVEL = 0;
				GCC_PREPROCESSOR_DEFINITIONS = (
					"DEBUG=1",
					"$(inherited)",
				);
				GCC_WARN_64_TO_32_BIT_CONVERSION = YES;
				GCC_WARN_ABOUT_RETURN_TYPE = YES_ERROR;
				GCC_WARN_UNDECLARED_SELECTOR = YES;
				GCC_WARN_UNINITIALIZED_AUTOS = YES_AGGRESSIVE;
				GCC_WARN_UNUSED_FUNCTION = YES;
				GCC_WARN_UNUSED_VARIABLE = YES;
				IPHONEOS_DEPLOYMENT_TARGET = 12.2;
				MTL_ENABLE_DEBUG_INFO = INCLUDE_SOURCE;
				MTL_FAST_MATH = YES;
				ONLY_ACTIVE_ARCH = YES;
				SDKROOT = iphoneos;
				SWIFT_ACTIVE_COMPILATION_CONDITIONS = DEBUG;
				SWIFT_OPTIMIZATION_LEVEL = "-Onone";
				VERSIONING_SYSTEM = "apple-generic";
				VERSION_INFO_PREFIX = "";
			};
			name = Debug;
		};
		DDFA53C022B40701004E5D68 /* Release */ = {
			isa = XCBuildConfiguration;
			buildSettings = {
				ALWAYS_SEARCH_USER_PATHS = NO;
				CLANG_ANALYZER_NONNULL = YES;
				CLANG_ANALYZER_NUMBER_OBJECT_CONVERSION = YES_AGGRESSIVE;
				CLANG_CXX_LANGUAGE_STANDARD = "gnu++14";
				CLANG_CXX_LIBRARY = "libc++";
				CLANG_ENABLE_MODULES = YES;
				CLANG_ENABLE_OBJC_ARC = YES;
				CLANG_ENABLE_OBJC_WEAK = YES;
				CLANG_WARN_BLOCK_CAPTURE_AUTORELEASING = YES;
				CLANG_WARN_BOOL_CONVERSION = YES;
				CLANG_WARN_COMMA = YES;
				CLANG_WARN_CONSTANT_CONVERSION = YES;
				CLANG_WARN_DEPRECATED_OBJC_IMPLEMENTATIONS = YES;
				CLANG_WARN_DIRECT_OBJC_ISA_USAGE = YES_ERROR;
				CLANG_WARN_DOCUMENTATION_COMMENTS = YES;
				CLANG_WARN_EMPTY_BODY = YES;
				CLANG_WARN_ENUM_CONVERSION = YES;
				CLANG_WARN_INFINITE_RECURSION = YES;
				CLANG_WARN_INT_CONVERSION = YES;
				CLANG_WARN_NON_LITERAL_NULL_CONVERSION = YES;
				CLANG_WARN_OBJC_IMPLICIT_RETAIN_SELF = YES;
				CLANG_WARN_OBJC_LITERAL_CONVERSION = YES;
				CLANG_WARN_OBJC_ROOT_CLASS = YES_ERROR;
				CLANG_WARN_RANGE_LOOP_ANALYSIS = YES;
				CLANG_WARN_STRICT_PROTOTYPES = YES;
				CLANG_WARN_SUSPICIOUS_MOVE = YES;
				CLANG_WARN_UNGUARDED_AVAILABILITY = YES_AGGRESSIVE;
				CLANG_WARN_UNREACHABLE_CODE = YES;
				CLANG_WARN__DUPLICATE_METHOD_MATCH = YES;
				CODE_SIGN_IDENTITY = "iPhone Developer";
				COPY_PHASE_STRIP = NO;
				CURRENT_PROJECT_VERSION = 1;
				DEBUG_INFORMATION_FORMAT = "dwarf-with-dsym";
				ENABLE_NS_ASSERTIONS = NO;
				ENABLE_STRICT_OBJC_MSGSEND = YES;
				GCC_C_LANGUAGE_STANDARD = gnu11;
				GCC_NO_COMMON_BLOCKS = YES;
				GCC_WARN_64_TO_32_BIT_CONVERSION = YES;
				GCC_WARN_ABOUT_RETURN_TYPE = YES_ERROR;
				GCC_WARN_UNDECLARED_SELECTOR = YES;
				GCC_WARN_UNINITIALIZED_AUTOS = YES_AGGRESSIVE;
				GCC_WARN_UNUSED_FUNCTION = YES;
				GCC_WARN_UNUSED_VARIABLE = YES;
				IPHONEOS_DEPLOYMENT_TARGET = 12.2;
				MTL_ENABLE_DEBUG_INFO = NO;
				MTL_FAST_MATH = YES;
				SDKROOT = iphoneos;
				SWIFT_COMPILATION_MODE = wholemodule;
				SWIFT_OPTIMIZATION_LEVEL = "-O";
				VALIDATE_PRODUCT = YES;
				VERSIONING_SYSTEM = "apple-generic";
				VERSION_INFO_PREFIX = "";
			};
			name = Release;
		};
		DDFA53C222B40701004E5D68 /* Debug */ = {
			isa = XCBuildConfiguration;
			buildSettings = {
				CLANG_ENABLE_MODULES = YES;
				CODE_SIGN_IDENTITY = "";
				CODE_SIGN_STYLE = Automatic;
				DEFINES_MODULE = YES;
				DEVELOPMENT_TEAM = N9K8TVA5CQ;
				DYLIB_COMPATIBILITY_VERSION = 1;
				DYLIB_CURRENT_VERSION = 1;
				DYLIB_INSTALL_NAME_BASE = "@rpath";
				INFOPLIST_FILE = Sources/ThemeManager/Info.plist;
				INSTALL_PATH = "$(LOCAL_LIBRARY_DIR)/Frameworks";
				LD_RUNPATH_SEARCH_PATHS = (
					"$(inherited)",
					"@executable_path/Frameworks",
					"@loader_path/Frameworks",
				);
				PRODUCT_BUNDLE_IDENTIFIER = cn.firestudio.ThemeManager;
				PRODUCT_NAME = "$(TARGET_NAME:c99extidentifier)";
				SKIP_INSTALL = YES;
				SWIFT_OPTIMIZATION_LEVEL = "-Onone";
				SWIFT_VERSION = 5.0;
				TARGETED_DEVICE_FAMILY = "1,2";
			};
			name = Debug;
		};
		DDFA53C322B40701004E5D68 /* Release */ = {
			isa = XCBuildConfiguration;
			buildSettings = {
				CLANG_ENABLE_MODULES = YES;
				CODE_SIGN_IDENTITY = "";
				CODE_SIGN_STYLE = Automatic;
				DEFINES_MODULE = YES;
				DEVELOPMENT_TEAM = N9K8TVA5CQ;
				DYLIB_COMPATIBILITY_VERSION = 1;
				DYLIB_CURRENT_VERSION = 1;
				DYLIB_INSTALL_NAME_BASE = "@rpath";
				INFOPLIST_FILE = Sources/ThemeManager/Info.plist;
				INSTALL_PATH = "$(LOCAL_LIBRARY_DIR)/Frameworks";
				LD_RUNPATH_SEARCH_PATHS = (
					"$(inherited)",
					"@executable_path/Frameworks",
					"@loader_path/Frameworks",
				);
				PRODUCT_BUNDLE_IDENTIFIER = cn.firestudio.ThemeManager;
				PRODUCT_NAME = "$(TARGET_NAME:c99extidentifier)";
				SKIP_INSTALL = YES;
				SWIFT_VERSION = 5.0;
				TARGETED_DEVICE_FAMILY = "1,2";
			};
			name = Release;
		};
		DDFA53DA22B407BA004E5D68 /* Debug */ = {
			isa = XCBuildConfiguration;
			buildSettings = {
				ALWAYS_EMBED_SWIFT_STANDARD_LIBRARIES = YES;
				ASSETCATALOG_COMPILER_APPICON_NAME = AppIcon;
				CODE_SIGN_STYLE = Automatic;
				DEVELOPMENT_TEAM = N9K8TVA5CQ;
				INFOPLIST_FILE = "ThemeManager Example/Info.plist";
				LD_RUNPATH_SEARCH_PATHS = (
					"$(inherited)",
					"@executable_path/Frameworks",
				);
				PRODUCT_BUNDLE_IDENTIFIER = "cn.firestudio.ThemeManager-Example";
				PRODUCT_NAME = "$(TARGET_NAME)";
				SWIFT_VERSION = 5.0;
				TARGETED_DEVICE_FAMILY = "1,2";
			};
			name = Debug;
		};
		DDFA53DB22B407BA004E5D68 /* Release */ = {
			isa = XCBuildConfiguration;
			buildSettings = {
				ALWAYS_EMBED_SWIFT_STANDARD_LIBRARIES = YES;
				ASSETCATALOG_COMPILER_APPICON_NAME = AppIcon;
				CODE_SIGN_STYLE = Automatic;
				DEVELOPMENT_TEAM = N9K8TVA5CQ;
				INFOPLIST_FILE = "ThemeManager Example/Info.plist";
				LD_RUNPATH_SEARCH_PATHS = (
					"$(inherited)",
					"@executable_path/Frameworks",
				);
				PRODUCT_BUNDLE_IDENTIFIER = "cn.firestudio.ThemeManager-Example";
				PRODUCT_NAME = "$(TARGET_NAME)";
				SWIFT_VERSION = 5.0;
				TARGETED_DEVICE_FAMILY = "1,2";
			};
			name = Release;
		};
/* End XCBuildConfiguration section */

/* Begin XCConfigurationList section */
		DDFA53B322B40701004E5D68 /* Build configuration list for PBXProject "ThemeManager" */ = {
			isa = XCConfigurationList;
			buildConfigurations = (
				DDFA53BF22B40701004E5D68 /* Debug */,
				DDFA53C022B40701004E5D68 /* Release */,
			);
			defaultConfigurationIsVisible = 0;
			defaultConfigurationName = Release;
		};
		DDFA53C122B40701004E5D68 /* Build configuration list for PBXNativeTarget "ThemeManager" */ = {
			isa = XCConfigurationList;
			buildConfigurations = (
				DDFA53C222B40701004E5D68 /* Debug */,
				DDFA53C322B40701004E5D68 /* Release */,
			);
			defaultConfigurationIsVisible = 0;
			defaultConfigurationName = Release;
		};
		DDFA53D922B407BA004E5D68 /* Build configuration list for PBXNativeTarget "ThemeManager Example" */ = {
			isa = XCConfigurationList;
			buildConfigurations = (
				DDFA53DA22B407BA004E5D68 /* Debug */,
				DDFA53DB22B407BA004E5D68 /* Release */,
			);
			defaultConfigurationIsVisible = 0;
			defaultConfigurationName = Release;
		};
/* End XCConfigurationList section */
	};
	rootObject = DDFA53B022B40701004E5D68 /* Project object */;
}
